
Microsoft Visual Studio Solution File, Format Version 12.00
Project("{FAE04EC0-301F-11D3-BF4B-00C04F79EFBC}") = "Zadanie_02", "Zadanie_02\Zadanie_02.csproj", "{8352EFAB-DDC5-41D6-B34F-B89B5E88FE12}"
EndProject
Project("{FAE04EC0-301F-11D3-BF4B-00C04F79EFBC}") = "Zadanie_03", "Zadanie_03\Zadanie_03.csproj", "{DE53AD73-28FF-43E5-A891-FD5558193C28}"
EndProject
Project("{FAE04EC0-301F-11D3-BF4B-00C04F79EFBC}") = "Zadanie_04", "Zadanie_04\Zadanie_04.csproj", "{7F6C8DDD-609D-44AE-BA80-829FAD37D502}"
EndProject
Project("{FAE04EC0-301F-11D3-BF4B-00C04F79EFBC}") = "Zadanie_05", "Zadanie_05\Zadanie_05.csproj", "{C3E046BD-6BE3-47F0-BC3C-9671150A9E75}"
EndProject
Project("{FAE04EC0-301F-11D3-BF4B-00C04F79EFBC}") = "Zadanie_06", "Zadanie_06\Zadanie_06.csproj", "{0376417D-A41A-4B71-A799-BD1588B30A16}"
EndProject
Project("{FAE04EC0-301F-11D3-BF4B-00C04F79EFBC}") = "MojaBiblioteka", "MojaBiblioteka\MojaBiblioteka.csproj", "{C0AC75DA-0BDA-4833-BC38-C1A15526D5B6}"
EndProject
Global
	GlobalSection(SolutionConfigurationPlatforms) = preSolution
		Debug|Any CPU = Debug|Any CPU
		Debug|x64 = Debug|x64
		Debug|x86 = Debug|x86
		Release|Any CPU = Release|Any CPU
		Release|x64 = Release|x64
		Release|x86 = Release|x86
	EndGlobalSection
	GlobalSection(ProjectConfigurationPlatforms) = postSolution
		{8352EFAB-DDC5-41D6-B34F-B89B5E88FE12}.Debug|Any CPU.ActiveCfg = Debug|Any CPU
		{8352EFAB-DDC5-41D6-B34F-B89B5E88FE12}.Debug|Any CPU.Build.0 = Debug|Any CPU
		{8352EFAB-DDC5-41D6-B34F-B89B5E88FE12}.Debug|x64.ActiveCfg = Debug|Any CPU
		{8352EFAB-DDC5-41D6-B34F-B89B5E88FE12}.Debug|x64.Build.0 = Debug|Any CPU
		{8352EFAB-DDC5-41D6-B34F-B89B5E88FE12}.Debug|x86.ActiveCfg = Debug|Any CPU
		{8352EFAB-DDC5-41D6-B34F-B89B5E88FE12}.Debug|x86.Build.0 = Debug|Any CPU
		{8352EFAB-DDC5-41D6-B34F-B89B5E88FE12}.Release|Any CPU.ActiveCfg = Release|Any CPU
		{8352EFAB-DDC5-41D6-B34F-B89B5E88FE12}.Release|Any CPU.Build.0 = Release|Any CPU
		{8352EFAB-DDC5-41D6-B34F-B89B5E88FE12}.Release|x64.ActiveCfg = Release|Any CPU
		{8352EFAB-DDC5-41D6-B34F-B89B5E88FE12}.Release|x64.Build.0 = Release|Any CPU
		{8352EFAB-DDC5-41D6-B34F-B89B5E88FE12}.Release|x86.ActiveCfg = Release|Any CPU
		{8352EFAB-DDC5-41D6-B34F-B89B5E88FE12}.Release|x86.Build.0 = Release|Any CPU
		{DE53AD73-28FF-43E5-A891-FD5558193C28}.Debug|Any CPU.ActiveCfg = Debug|Any CPU
		{DE53AD73-28FF-43E5-A891-FD5558193C28}.Debug|Any CPU.Build.0 = Debug|Any CPU
		{DE53AD73-28FF-43E5-A891-FD5558193C28}.Debug|x64.ActiveCfg = Debug|Any CPU
		{DE53AD73-28FF-43E5-A891-FD5558193C28}.Debug|x64.Build.0 = Debug|Any CPU
		{DE53AD73-28FF-43E5-A891-FD5558193C28}.Debug|x86.ActiveCfg = Debug|Any CPU
		{DE53AD73-28FF-43E5-A891-FD5558193C28}.Debug|x86.Build.0 = Debug|Any CPU
		{DE53AD73-28FF-43E5-A891-FD5558193C28}.Release|Any CPU.ActiveCfg = Release|Any CPU
		{DE53AD73-28FF-43E5-A891-FD5558193C28}.Release|Any CPU.Build.0 = Release|Any CPU
		{DE53AD73-28FF-43E5-A891-FD5558193C28}.Release|x64.ActiveCfg = Release|Any CPU
		{DE53AD73-28FF-43E5-A891-FD5558193C28}.Release|x64.Build.0 = Release|Any CPU
		{DE53AD73-28FF-43E5-A891-FD5558193C28}.Release|x86.ActiveCfg = Release|Any CPU
		{DE53AD73-28FF-43E5-A891-FD5558193C28}.Release|x86.Build.0 = Release|Any CPU
		{7F6C8DDD-609D-44AE-BA80-829FAD37D502}.Debug|Any CPU.ActiveCfg = Debug|Any CPU
		{7F6C8DDD-609D-44AE-BA80-829FAD37D502}.Debug|Any CPU.Build.0 = Debug|Any CPU
		{7F6C8DDD-609D-44AE-BA80-829FAD37D502}.Debug|x64.ActiveCfg = Debug|Any CPU
		{7F6C8DDD-609D-44AE-BA80-829FAD37D502}.Debug|x64.Build.0 = Debug|Any CPU
		{7F6C8DDD-609D-44AE-BA80-829FAD37D502}.Debug|x86.ActiveCfg = Debug|Any CPU
		{7F6C8DDD-609D-44AE-BA80-829FAD37D502}.Debug|x86.Build.0 = Debug|Any CPU
		{7F6C8DDD-609D-44AE-BA80-829FAD37D502}.Release|Any CPU.ActiveCfg = Release|Any CPU
		{7F6C8DDD-609D-44AE-BA80-829FAD37D502}.Release|Any CPU.Build.0 = Release|Any CPU
		{7F6C8DDD-609D-44AE-BA80-829FAD37D502}.Release|x64.ActiveCfg = Release|Any CPU
		{7F6C8DDD-609D-44AE-BA80-829FAD37D502}.Release|x64.Build.0 = Release|Any CPU
		{7F6C8DDD-609D-44AE-BA80-829FAD37D502}.Release|x86.ActiveCfg = Release|Any CPU
		{7F6C8DDD-609D-44AE-BA80-829FAD37D502}.Release|x86.Build.0 = Release|Any CPU
		{C3E046BD-6BE3-47F0-BC3C-9671150A9E75}.Debug|Any CPU.ActiveCfg = Debug|Any CPU
		{C3E046BD-6BE3-47F0-BC3C-9671150A9E75}.Debug|Any CPU.Build.0 = Debug|Any CPU
		{C3E046BD-6BE3-47F0-BC3C-9671150A9E75}.Debug|x64.ActiveCfg = Debug|Any CPU
		{C3E046BD-6BE3-47F0-BC3C-9671150A9E75}.Debug|x64.Build.0 = Debug|Any CPU
		{C3E046BD-6BE3-47F0-BC3C-9671150A9E75}.Debug|x86.ActiveCfg = Debug|Any CPU
		{C3E046BD-6BE3-47F0-BC3C-9671150A9E75}.Debug|x86.Build.0 = Debug|Any CPU
		{C3E046BD-6BE3-47F0-BC3C-9671150A9E75}.Release|Any CPU.ActiveCfg = Release|Any CPU
		{C3E046BD-6BE3-47F0-BC3C-9671150A9E75}.Release|Any CPU.Build.0 = Release|Any CPU
		{C3E046BD-6BE3-47F0-BC3C-9671150A9E75}.Release|x64.ActiveCfg = Release|Any CPU
		{C3E046BD-6BE3-47F0-BC3C-9671150A9E75}.Release|x64.Build.0 = Release|Any CPU
		{C3E046BD-6BE3-47F0-BC3C-9671150A9E75}.Release|x86.ActiveCfg = Release|Any CPU
		{C3E046BD-6BE3-47F0-BC3C-9671150A9E75}.Release|x86.Build.0 = Release|Any CPU
		{0376417D-A41A-4B71-A799-BD1588B30A16}.Debug|Any CPU.ActiveCfg = Debug|Any CPU
		{0376417D-A41A-4B71-A799-BD1588B30A16}.Debug|Any CPU.Build.0 = Debug|Any CPU
		{0376417D-A41A-4B71-A799-BD1588B30A16}.Debug|x64.ActiveCfg = Debug|Any CPU
		{0376417D-A41A-4B71-A799-BD1588B30A16}.Debug|x64.Build.0 = Debug|Any CPU
		{0376417D-A41A-4B71-A799-BD1588B30A16}.Debug|x86.ActiveCfg = Debug|Any CPU
		{0376417D-A41A-4B71-A799-BD1588B30A16}.Debug|x86.Build.0 = Debug|Any CPU
		{0376417D-A41A-4B71-A799-BD1588B30A16}.Release|Any CPU.ActiveCfg = Release|Any CPU
		{0376417D-A41A-4B71-A799-BD1588B30A16}.Release|Any CPU.Build.0 = Release|Any CPU
		{0376417D-A41A-4B71-A799-BD1588B30A16}.Release|x64.ActiveCfg = Release|Any CPU
		{0376417D-A41A-4B71-A799-BD1588B30A16}.Release|x64.Build.0 = Release|Any CPU
		{0376417D-A41A-4B71-A799-BD1588B30A16}.Release|x86.ActiveCfg = Release|Any CPU
		{0376417D-A41A-4B71-A799-BD1588B30A16}.Release|x86.Build.0 = Release|Any CPU
		{C0AC75DA-0BDA-4833-BC38-C1A15526D5B6}.Debug|Any CPU.ActiveCfg = Debug|Any CPU
		{C0AC75DA-0BDA-4833-BC38-C1A15526D5B6}.Debug|Any CPU.Build.0 = Debug|Any CPU
		{C0AC75DA-0BDA-4833-BC38-C1A15526D5B6}.Debug|x64.ActiveCfg = Debug|Any CPU
		{C0AC75DA-0BDA-4833-BC38-C1A15526D5B6}.Debug|x64.Build.0 = Debug|Any CPU
		{C0AC75DA-0BDA-4833-BC38-C1A15526D5B6}.Debug|x86.ActiveCfg = Debug|Any CPU
		{C0AC75DA-0BDA-4833-BC38-C1A15526D5B6}.Debug|x86.Build.0 = Debug|Any CPU
		{C0AC75DA-0BDA-4833-BC38-C1A15526D5B6}.Release|Any CPU.ActiveCfg = Release|Any CPU
		{C0AC75DA-0BDA-4833-BC38-C1A15526D5B6}.Release|Any CPU.Build.0 = Release|Any CPU
		{C0AC75DA-0BDA-4833-BC38-C1A15526D5B6}.Release|x64.ActiveCfg = Release|Any CPU
		{C0AC75DA-0BDA-4833-BC38-C1A15526D5B6}.Release|x64.Build.0 = Release|Any CPU
		{C0AC75DA-0BDA-4833-BC38-C1A15526D5B6}.Release|x86.ActiveCfg = Release|Any CPU
		{C0AC75DA-0BDA-4833-BC38-C1A15526D5B6}.Release|x86.Build.0 = Release|Any CPU
	EndGlobalSection
	GlobalSection(SolutionProperties) = preSolution
		HideSolutionNode = FALSE
	EndGlobalSection
EndGlobal
