<Solution>
  <Project Path="Zadanie_01/Zadanie_01.csproj" Id="15f4fe7e-b6c7-462e-b81f-3b62fc3dd9ed" />
  <Project Path="Zadanie_02/Zadanie_02.csproj" Id="8138dc01-90f5-43ad-adbd-fc0ed46d24d7" />
  <Project Path="Zadanie_03/Zadanie_03.csproj" Id="4a0ff098-1df5-4d46-bb5c-70a91e3b43bf" />
  <Project Path="Zadanie_04/Zadanie_04.csproj" Id="0576d16a-61ff-40de-a048-274f851c37c3" />
  <Project Path="Zadanie_05/Zadanie_05.csproj" Id="a84c2c4e-95c4-4108-a713-d068bf4d6ef6" />
  <Project Path="Zadanie_06/Zadanie_06.csproj" Id="f674748c-d985-4b48-af90-973c4cb9f57e" />
  <Project Path="Zadanie_07/Zadanie_07.csproj" Id="32150b42-abdc-42ee-ba86-c8bacbd5028f" />
  <Project Path="Zadanie_08/Zadanie_08.csproj" Id="713c1b77-b620-433c-a41b-b6d977408e00" />
</Solution>
